
Microsoft Visual Studio Solution File, Format Version 12.00
# Visual Studio Version 16
VisualStudioVersion = 16.0.31613.86
MinimumVisualStudioVersion = 10.0.40219.1
Project("{FAE04EC0-301F-11D3-BF4B-00C04F79EFBC}") = "CalculatorCore", "Core\CalculatorCore.csproj", "{29915235-07EA-40F2-96B7-E5BC654C3805}"
EndProject
Project("{9A19103F-16F7-4668-BE54-9A1E7A4F7556}") = "ConsoleUI", "ConsoleUI\ConsoleUI.csproj", "{AD785D8E-4401-4914-BAAB-E745A70EFD3A}"
EndProject
Project("{9A19103F-16F7-4668-BE54-9A1E7A4F7556}") = "WinFormUI", "WinFormUI\WinFormUI.csproj", "{965E29C9-3B62-4A08-BC33-5FF91739A80A}"
EndProject
Global
	GlobalSection(SolutionConfigurationPlatforms) = preSolution
		Debug|Any CPU = Debug|Any CPU
		Release|Any CPU = Release|Any CPU
	EndGlobalSection
	GlobalSection(ProjectConfigurationPlatforms) = postSolution
		{29915235-07EA-40F2-96B7-E5BC654C3805}.Debug|Any CPU.ActiveCfg = Debug|Any CPU
		{29915235-07EA-40F2-96B7-E5BC654C3805}.Debug|Any CPU.Build.0 = Debug|Any CPU
		{29915235-07EA-40F2-96B7-E5BC654C3805}.Release|Any CPU.ActiveCfg = Release|Any CPU
		{29915235-07EA-40F2-96B7-E5BC654C3805}.Release|Any CPU.Build.0 = Release|Any CPU
		{AD785D8E-4401-4914-BAAB-E745A70EFD3A}.Debug|Any CPU.ActiveCfg = Debug|Any CPU
		{AD785D8E-4401-4914-BAAB-E745A70EFD3A}.Debug|Any CPU.Build.0 = Debug|Any CPU
		{AD785D8E-4401-4914-BAAB-E745A70EFD3A}.Release|Any CPU.ActiveCfg = Release|Any CPU
		{AD785D8E-4401-4914-BAAB-E745A70EFD3A}.Release|Any CPU.Build.0 = Release|Any CPU
		{965E29C9-3B62-4A08-BC33-5FF91739A80A}.Debug|Any CPU.ActiveCfg = Debug|Any CPU
		{965E29C9-3B62-4A08-BC33-5FF91739A80A}.Debug|Any CPU.Build.0 = Debug|Any CPU
		{965E29C9-3B62-4A08-BC33-5FF91739A80A}.Release|Any CPU.ActiveCfg = Release|Any CPU
		{965E29C9-3B62-4A08-BC33-5FF91739A80A}.Release|Any CPU.Build.0 = Release|Any CPU
	EndGlobalSection
	GlobalSection(SolutionProperties) = preSolution
		HideSolutionNode = FALSE
	EndGlobalSection
	GlobalSection(ExtensibilityGlobals) = postSolution
		SolutionGuid = {D1B93035-5070-439F-80BD-C18CF635C761}
	EndGlobalSection
EndGlobal
